// !$*UTF8*$!
{
	archiveVersion = 1;
	classes = {
	};
	objectVersion = 51;
	objects = {

/* Begin PBXBuildFile section */
		5FAE31452455E5E1009F4F8F /* Answer.swift in Sources */ = {isa = PBXBuildFile; fileRef = 5FAE31442455E5E1009F4F8F /* Answer.swift */; };
		5FCD46DF2459AFCC00F71F7F /* AlertViewController.swift in Sources */ = {isa = PBXBuildFile; fileRef = 5FCD46DE2459AFCC00F71F7F /* AlertViewController.swift */; };
		5FCD46E12459AFDC00F71F7F /* Alert.storyboard in Resources */ = {isa = PBXBuildFile; fileRef = 5FCD46E02459AFDC00F71F7F /* Alert.storyboard */; };
		5FCFA5622456AB1900FE08D8 /* HomeViewController.swift in Sources */ = {isa = PBXBuildFile; fileRef = 5FCFA5612456AB1900FE08D8 /* HomeViewController.swift */; };
		5FCFA56524570ECA00FE08D8 /* Constants.swift in Sources */ = {isa = PBXBuildFile; fileRef = 5FCFA56424570ECA00FE08D8 /* Constants.swift */; };
		5FCFA56724570F1E00FE08D8 /* LifeCraft_Font.ttf in Resources */ = {isa = PBXBuildFile; fileRef = 5FCFA56624570F1500FE08D8 /* LifeCraft_Font.ttf */; };
		5FCFA5692457127700FE08D8 /* AnswerButton.swift in Sources */ = {isa = PBXBuildFile; fileRef = 5FCFA5682457127700FE08D8 /* AnswerButton.swift */; };
		5FCFA56B2457136A00FE08D8 /* Morpheus.ttf in Resources */ = {isa = PBXBuildFile; fileRef = 5FCFA56A2457136A00FE08D8 /* Morpheus.ttf */; };
		5FEB53382455D3ED00888FB4 /* AppDelegate.swift in Sources */ = {isa = PBXBuildFile; fileRef = 5FEB53372455D3ED00888FB4 /* AppDelegate.swift */; };
		5FEB533A2455D3ED00888FB4 /* SceneDelegate.swift in Sources */ = {isa = PBXBuildFile; fileRef = 5FEB53392455D3ED00888FB4 /* SceneDelegate.swift */; };
		5FEB533F2455D3ED00888FB4 /* Main.storyboard in Resources */ = {isa = PBXBuildFile; fileRef = 5FEB533D2455D3ED00888FB4 /* Main.storyboard */; };
		5FEB53412455D3EE00888FB4 /* Assets.xcassets in Resources */ = {isa = PBXBuildFile; fileRef = 5FEB53402455D3EE00888FB4 /* Assets.xcassets */; };
		5FEB53442455D3EE00888FB4 /* LaunchScreen.storyboard in Resources */ = {isa = PBXBuildFile; fileRef = 5FEB53422455D3EE00888FB4 /* LaunchScreen.storyboard */; };
		5FEB534F2455D3EE00888FB4 /* WOWQuizTests.swift in Sources */ = {isa = PBXBuildFile; fileRef = 5FEB534E2455D3EE00888FB4 /* WOWQuizTests.swift */; };
		5FEB535A2455D3EE00888FB4 /* WOWQuizUITests.swift in Sources */ = {isa = PBXBuildFile; fileRef = 5FEB53592455D3EE00888FB4 /* WOWQuizUITests.swift */; };
		5FEB53692455D42000888FB4 /* Question.swift in Sources */ = {isa = PBXBuildFile; fileRef = 5FEB53682455D42000888FB4 /* Question.swift */; };
		5FEB536B2455D45100888FB4 /* Quiz.swift in Sources */ = {isa = PBXBuildFile; fileRef = 5FEB536A2455D45100888FB4 /* Quiz.swift */; };
		5FEB536E2455D56200888FB4 /* GameViewController.swift in Sources */ = {isa = PBXBuildFile; fileRef = 5FEB536D2455D56200888FB4 /* GameViewController.swift */; };
		5FEB53702455D87300888FB4 /* DatabaseManager.swift in Sources */ = {isa = PBXBuildFile; fileRef = 5FEB536F2455D87300888FB4 /* DatabaseManager.swift */; };
		95EF09A9DDC020880A71D597 /* Pods_WOWQuizTests.framework in Frameworks */ = {isa = PBXBuildFile; fileRef = 9A047207092C38BDE8FDD57B /* Pods_WOWQuizTests.framework */; };
		DFFF1DADC1288AA20CCBF547 /* Pods_WOWQuiz.framework in Frameworks */ = {isa = PBXBuildFile; fileRef = 809C4D398C508B7E1FB6FEF0 /* Pods_WOWQuiz.framework */; };
		FCFDE7017B5FA647DD886760 /* Pods_WOWQuiz_WOWQuizUITests.framework in Frameworks */ = {isa = PBXBuildFile; fileRef = 335307589F4D1815B9B87D89 /* Pods_WOWQuiz_WOWQuizUITests.framework */; };
/* End PBXBuildFile section */

/* Begin PBXContainerItemProxy section */
		5FEB534B2455D3EE00888FB4 /* PBXContainerItemProxy */ = {
			isa = PBXContainerItemProxy;
			containerPortal = 5FEB532C2455D3ED00888FB4 /* Project object */;
			proxyType = 1;
			remoteGlobalIDString = 5FEB53332455D3ED00888FB4;
			remoteInfo = WOWQuiz;
		};
		5FEB53562455D3EE00888FB4 /* PBXContainerItemProxy */ = {
			isa = PBXContainerItemProxy;
			containerPortal = 5FEB532C2455D3ED00888FB4 /* Project object */;
			proxyType = 1;
			remoteGlobalIDString = 5FEB53332455D3ED00888FB4;
			remoteInfo = WOWQuiz;
		};
/* End PBXContainerItemProxy section */

/* Begin PBXFileReference section */
		05BD5343347FC5189506B558 /* Pods-WOWQuiz-WOWQuizUITests.release.xcconfig */ = {isa = PBXFileReference; includeInIndex = 1; lastKnownFileType = text.xcconfig; name = "Pods-WOWQuiz-WOWQuizUITests.release.xcconfig"; path = "Target Support Files/Pods-WOWQuiz-WOWQuizUITests/Pods-WOWQuiz-WOWQuizUITests.release.xcconfig"; sourceTree = "<group>"; };
		324D9FA9B2533A228FF5197D /* Pods-WOWQuizTests.release.xcconfig */ = {isa = PBXFileReference; includeInIndex = 1; lastKnownFileType = text.xcconfig; name = "Pods-WOWQuizTests.release.xcconfig"; path = "Target Support Files/Pods-WOWQuizTests/Pods-WOWQuizTests.release.xcconfig"; sourceTree = "<group>"; };
		335307589F4D1815B9B87D89 /* Pods_WOWQuiz_WOWQuizUITests.framework */ = {isa = PBXFileReference; explicitFileType = wrapper.framework; includeInIndex = 0; path = Pods_WOWQuiz_WOWQuizUITests.framework; sourceTree = BUILT_PRODUCTS_DIR; };
		5FAE31442455E5E1009F4F8F /* Answer.swift */ = {isa = PBXFileReference; lastKnownFileType = sourcecode.swift; path = Answer.swift; sourceTree = "<group>"; };
		5FCD46DE2459AFCC00F71F7F /* AlertViewController.swift */ = {isa = PBXFileReference; lastKnownFileType = sourcecode.swift; path = AlertViewController.swift; sourceTree = "<group>"; };
		5FCD46E02459AFDC00F71F7F /* Alert.storyboard */ = {isa = PBXFileReference; lastKnownFileType = file.storyboard; path = Alert.storyboard; sourceTree = "<group>"; };
		5FCFA5612456AB1900FE08D8 /* HomeViewController.swift */ = {isa = PBXFileReference; lastKnownFileType = sourcecode.swift; path = HomeViewController.swift; sourceTree = "<group>"; };
		5FCFA56424570ECA00FE08D8 /* Constants.swift */ = {isa = PBXFileReference; lastKnownFileType = sourcecode.swift; path = Constants.swift; sourceTree = "<group>"; };
		5FCFA56624570F1500FE08D8 /* LifeCraft_Font.ttf */ = {isa = PBXFileReference; lastKnownFileType = file; path = LifeCraft_Font.ttf; sourceTree = "<group>"; };
		5FCFA5682457127700FE08D8 /* AnswerButton.swift */ = {isa = PBXFileReference; lastKnownFileType = sourcecode.swift; path = AnswerButton.swift; sourceTree = "<group>"; };
		5FCFA56A2457136A00FE08D8 /* Morpheus.ttf */ = {isa = PBXFileReference; lastKnownFileType = file; path = Morpheus.ttf; sourceTree = "<group>"; };
		5FEB53342455D3ED00888FB4 /* WOWQuiz.app */ = {isa = PBXFileReference; explicitFileType = wrapper.application; includeInIndex = 0; path = WOWQuiz.app; sourceTree = BUILT_PRODUCTS_DIR; };
		5FEB53372455D3ED00888FB4 /* AppDelegate.swift */ = {isa = PBXFileReference; lastKnownFileType = sourcecode.swift; path = AppDelegate.swift; sourceTree = "<group>"; };
		5FEB53392455D3ED00888FB4 /* SceneDelegate.swift */ = {isa = PBXFileReference; lastKnownFileType = sourcecode.swift; path = SceneDelegate.swift; sourceTree = "<group>"; };
		5FEB533E2455D3ED00888FB4 /* Base */ = {isa = PBXFileReference; lastKnownFileType = file.storyboard; name = Base; path = Base.lproj/Main.storyboard; sourceTree = "<group>"; };
		5FEB53402455D3EE00888FB4 /* Assets.xcassets */ = {isa = PBXFileReference; lastKnownFileType = folder.assetcatalog; path = Assets.xcassets; sourceTree = "<group>"; };
		5FEB53432455D3EE00888FB4 /* Base */ = {isa = PBXFileReference; lastKnownFileType = file.storyboard; name = Base; path = Base.lproj/LaunchScreen.storyboard; sourceTree = "<group>"; };
		5FEB53452455D3EE00888FB4 /* Info.plist */ = {isa = PBXFileReference; lastKnownFileType = text.plist.xml; path = Info.plist; sourceTree = "<group>"; };
		5FEB534A2455D3EE00888FB4 /* WOWQuizTests.xctest */ = {isa = PBXFileReference; explicitFileType = wrapper.cfbundle; includeInIndex = 0; path = WOWQuizTests.xctest; sourceTree = BUILT_PRODUCTS_DIR; };
		5FEB534E2455D3EE00888FB4 /* WOWQuizTests.swift */ = {isa = PBXFileReference; lastKnownFileType = sourcecode.swift; path = WOWQuizTests.swift; sourceTree = "<group>"; };
		5FEB53502455D3EE00888FB4 /* Info.plist */ = {isa = PBXFileReference; lastKnownFileType = text.plist.xml; path = Info.plist; sourceTree = "<group>"; };
		5FEB53552455D3EE00888FB4 /* WOWQuizUITests.xctest */ = {isa = PBXFileReference; explicitFileType = wrapper.cfbundle; includeInIndex = 0; path = WOWQuizUITests.xctest; sourceTree = BUILT_PRODUCTS_DIR; };
		5FEB53592455D3EE00888FB4 /* WOWQuizUITests.swift */ = {isa = PBXFileReference; lastKnownFileType = sourcecode.swift; path = WOWQuizUITests.swift; sourceTree = "<group>"; };
		5FEB535B2455D3EE00888FB4 /* Info.plist */ = {isa = PBXFileReference; lastKnownFileType = text.plist.xml; path = Info.plist; sourceTree = "<group>"; };
		5FEB53682455D42000888FB4 /* Question.swift */ = {isa = PBXFileReference; lastKnownFileType = sourcecode.swift; path = Question.swift; sourceTree = "<group>"; };
		5FEB536A2455D45100888FB4 /* Quiz.swift */ = {isa = PBXFileReference; lastKnownFileType = sourcecode.swift; path = Quiz.swift; sourceTree = "<group>"; };
		5FEB536D2455D56200888FB4 /* GameViewController.swift */ = {isa = PBXFileReference; lastKnownFileType = sourcecode.swift; path = GameViewController.swift; sourceTree = "<group>"; };
		5FEB536F2455D87300888FB4 /* DatabaseManager.swift */ = {isa = PBXFileReference; lastKnownFileType = sourcecode.swift; path = DatabaseManager.swift; sourceTree = "<group>"; };
		6290C5C665B3FECE1C62213B /* Pods-WOWQuiz.release.xcconfig */ = {isa = PBXFileReference; includeInIndex = 1; lastKnownFileType = text.xcconfig; name = "Pods-WOWQuiz.release.xcconfig"; path = "Target Support Files/Pods-WOWQuiz/Pods-WOWQuiz.release.xcconfig"; sourceTree = "<group>"; };
		809C4D398C508B7E1FB6FEF0 /* Pods_WOWQuiz.framework */ = {isa = PBXFileReference; explicitFileType = wrapper.framework; includeInIndex = 0; path = Pods_WOWQuiz.framework; sourceTree = BUILT_PRODUCTS_DIR; };
		9A047207092C38BDE8FDD57B /* Pods_WOWQuizTests.framework */ = {isa = PBXFileReference; explicitFileType = wrapper.framework; includeInIndex = 0; path = Pods_WOWQuizTests.framework; sourceTree = BUILT_PRODUCTS_DIR; };
		BA90E8D00EEDA9454D97F443 /* Pods-WOWQuiz.debug.xcconfig */ = {isa = PBXFileReference; includeInIndex = 1; lastKnownFileType = text.xcconfig; name = "Pods-WOWQuiz.debug.xcconfig"; path = "Target Support Files/Pods-WOWQuiz/Pods-WOWQuiz.debug.xcconfig"; sourceTree = "<group>"; };
		D319DCC3AF2262BE44CF5A2D /* Pods-WOWQuizTests.debug.xcconfig */ = {isa = PBXFileReference; includeInIndex = 1; lastKnownFileType = text.xcconfig; name = "Pods-WOWQuizTests.debug.xcconfig"; path = "Target Support Files/Pods-WOWQuizTests/Pods-WOWQuizTests.debug.xcconfig"; sourceTree = "<group>"; };
		E35679CD6EFAD1312A9B76EC /* Pods-WOWQuiz-WOWQuizUITests.debug.xcconfig */ = {isa = PBXFileReference; includeInIndex = 1; lastKnownFileType = text.xcconfig; name = "Pods-WOWQuiz-WOWQuizUITests.debug.xcconfig"; path = "Target Support Files/Pods-WOWQuiz-WOWQuizUITests/Pods-WOWQuiz-WOWQuizUITests.debug.xcconfig"; sourceTree = "<group>"; };
/* End PBXFileReference section */

/* Begin PBXFrameworksBuildPhase section */
		5FEB53312455D3ED00888FB4 /* Frameworks */ = {
			isa = PBXFrameworksBuildPhase;
			buildActionMask = 2147483647;
			files = (
				DFFF1DADC1288AA20CCBF547 /* Pods_WOWQuiz.framework in Frameworks */,
			);
			runOnlyForDeploymentPostprocessing = 0;
		};
		5FEB53472455D3EE00888FB4 /* Frameworks */ = {
			isa = PBXFrameworksBuildPhase;
			buildActionMask = 2147483647;
			files = (
				95EF09A9DDC020880A71D597 /* Pods_WOWQuizTests.framework in Frameworks */,
			);
			runOnlyForDeploymentPostprocessing = 0;
		};
		5FEB53522455D3EE00888FB4 /* Frameworks */ = {
			isa = PBXFrameworksBuildPhase;
			buildActionMask = 2147483647;
			files = (
				FCFDE7017B5FA647DD886760 /* Pods_WOWQuiz_WOWQuizUITests.framework in Frameworks */,
			);
			runOnlyForDeploymentPostprocessing = 0;
		};
/* End PBXFrameworksBuildPhase section */

/* Begin PBXGroup section */
		5FCD46DC2459AFA600F71F7F /* Storyboards */ = {
			isa = PBXGroup;
			children = (
				5FEB533D2455D3ED00888FB4 /* Main.storyboard */,
				5FEB53422455D3EE00888FB4 /* LaunchScreen.storyboard */,
				5FCD46E02459AFDC00F71F7F /* Alert.storyboard */,
			);
			path = Storyboards;
			sourceTree = "<group>";
		};
		5FCD46DD2459AFB900F71F7F /* App Delegate */ = {
			isa = PBXGroup;
			children = (
				5FEB53372455D3ED00888FB4 /* AppDelegate.swift */,
				5FEB53392455D3ED00888FB4 /* SceneDelegate.swift */,
			);
			path = "App Delegate";
			sourceTree = "<group>";
		};
		5FCFA56324570EB700FE08D8 /* Supporting files */ = {
			isa = PBXGroup;
			children = (
				5FCFA56624570F1500FE08D8 /* LifeCraft_Font.ttf */,
				5FCFA56A2457136A00FE08D8 /* Morpheus.ttf */,
				5FCFA56424570ECA00FE08D8 /* Constants.swift */,
				5FCFA5682457127700FE08D8 /* AnswerButton.swift */,
			);
			path = "Supporting files";
			sourceTree = "<group>";
		};
		5FEB532B2455D3ED00888FB4 = {
			isa = PBXGroup;
			children = (
				5FEB53362455D3ED00888FB4 /* WOWQuiz */,
				5FEB534D2455D3EE00888FB4 /* WOWQuizTests */,
				5FEB53582455D3EE00888FB4 /* WOWQuizUITests */,
				5FEB53352455D3ED00888FB4 /* Products */,
				ACB3CD159191C23FA24B9FC3 /* Pods */,
				BE39521F0847A791FB58C04D /* Frameworks */,
			);
			sourceTree = "<group>";
		};
		5FEB53352455D3ED00888FB4 /* Products */ = {
			isa = PBXGroup;
			children = (
				5FEB53342455D3ED00888FB4 /* WOWQuiz.app */,
				5FEB534A2455D3EE00888FB4 /* WOWQuizTests.xctest */,
				5FEB53552455D3EE00888FB4 /* WOWQuizUITests.xctest */,
			);
			name = Products;
			sourceTree = "<group>";
		};
		5FEB53362455D3ED00888FB4 /* WOWQuiz */ = {
			isa = PBXGroup;
			children = (
				5FCFA56324570EB700FE08D8 /* Supporting files */,
				5FEB536C2455D54C00888FB4 /* Controllers */,
				5FEB53672455D41100888FB4 /* Model */,
				5FCD46DD2459AFB900F71F7F /* App Delegate */,
				5FCD46DC2459AFA600F71F7F /* Storyboards */,
				5FEB53402455D3EE00888FB4 /* Assets.xcassets */,
				5FEB53452455D3EE00888FB4 /* Info.plist */,
			);
			path = WOWQuiz;
			sourceTree = "<group>";
		};
		5FEB534D2455D3EE00888FB4 /* WOWQuizTests */ = {
			isa = PBXGroup;
			children = (
				5FEB534E2455D3EE00888FB4 /* WOWQuizTests.swift */,
				5FEB53502455D3EE00888FB4 /* Info.plist */,
			);
			path = WOWQuizTests;
			sourceTree = "<group>";
		};
		5FEB53582455D3EE00888FB4 /* WOWQuizUITests */ = {
			isa = PBXGroup;
			children = (
				5FEB53592455D3EE00888FB4 /* WOWQuizUITests.swift */,
				5FEB535B2455D3EE00888FB4 /* Info.plist */,
			);
			path = WOWQuizUITests;
			sourceTree = "<group>";
		};
		5FEB53672455D41100888FB4 /* Model */ = {
			isa = PBXGroup;
			children = (
				5FEB536A2455D45100888FB4 /* Quiz.swift */,
				5FEB53682455D42000888FB4 /* Question.swift */,
				5FEB536F2455D87300888FB4 /* DatabaseManager.swift */,
				5FAE31442455E5E1009F4F8F /* Answer.swift */,
			);
			path = Model;
			sourceTree = "<group>";
		};
		5FEB536C2455D54C00888FB4 /* Controllers */ = {
			isa = PBXGroup;
			children = (
				5FEB536D2455D56200888FB4 /* GameViewController.swift */,
				5FCFA5612456AB1900FE08D8 /* HomeViewController.swift */,
				5FCD46DE2459AFCC00F71F7F /* AlertViewController.swift */,
			);
			path = Controllers;
			sourceTree = "<group>";
		};
		ACB3CD159191C23FA24B9FC3 /* Pods */ = {
			isa = PBXGroup;
			children = (
				BA90E8D00EEDA9454D97F443 /* Pods-WOWQuiz.debug.xcconfig */,
				6290C5C665B3FECE1C62213B /* Pods-WOWQuiz.release.xcconfig */,
				E35679CD6EFAD1312A9B76EC /* Pods-WOWQuiz-WOWQuizUITests.debug.xcconfig */,
				05BD5343347FC5189506B558 /* Pods-WOWQuiz-WOWQuizUITests.release.xcconfig */,
				D319DCC3AF2262BE44CF5A2D /* Pods-WOWQuizTests.debug.xcconfig */,
				324D9FA9B2533A228FF5197D /* Pods-WOWQuizTests.release.xcconfig */,
			);
			path = Pods;
			sourceTree = "<group>";
		};
		BE39521F0847A791FB58C04D /* Frameworks */ = {
			isa = PBXGroup;
			children = (
				809C4D398C508B7E1FB6FEF0 /* Pods_WOWQuiz.framework */,
				335307589F4D1815B9B87D89 /* Pods_WOWQuiz_WOWQuizUITests.framework */,
				9A047207092C38BDE8FDD57B /* Pods_WOWQuizTests.framework */,
			);
			name = Frameworks;
			sourceTree = "<group>";
		};
/* End PBXGroup section */

/* Begin PBXNativeTarget section */
		5FEB53332455D3ED00888FB4 /* WOWQuiz */ = {
			isa = PBXNativeTarget;
			buildConfigurationList = 5FEB535E2455D3EE00888FB4 /* Build configuration list for PBXNativeTarget "WOWQuiz" */;
			buildPhases = (
				44D2ED3FB3A07DF8811258AA /* [CP] Check Pods Manifest.lock */,
				5FEB53302455D3ED00888FB4 /* Sources */,
				5FEB53312455D3ED00888FB4 /* Frameworks */,
				5FEB53322455D3ED00888FB4 /* Resources */,
				04BDB258F9B49FF87A5A3E5B /* [CP] Embed Pods Frameworks */,
			);
			buildRules = (
			);
			dependencies = (
			);
			name = WOWQuiz;
			productName = WOWQuiz;
			productReference = 5FEB53342455D3ED00888FB4 /* WOWQuiz.app */;
			productType = "com.apple.product-type.application";
		};
		5FEB53492455D3EE00888FB4 /* WOWQuizTests */ = {
			isa = PBXNativeTarget;
			buildConfigurationList = 5FEB53612455D3EE00888FB4 /* Build configuration list for PBXNativeTarget "WOWQuizTests" */;
			buildPhases = (
				BA1BE846373950004D9E66E0 /* [CP] Check Pods Manifest.lock */,
				5FEB53462455D3EE00888FB4 /* Sources */,
				5FEB53472455D3EE00888FB4 /* Frameworks */,
				5FEB53482455D3EE00888FB4 /* Resources */,
			);
			buildRules = (
			);
			dependencies = (
				5FEB534C2455D3EE00888FB4 /* PBXTargetDependency */,
			);
			name = WOWQuizTests;
			productName = WOWQuizTests;
			productReference = 5FEB534A2455D3EE00888FB4 /* WOWQuizTests.xctest */;
			productType = "com.apple.product-type.bundle.unit-test";
		};
		5FEB53542455D3EE00888FB4 /* WOWQuizUITests */ = {
			isa = PBXNativeTarget;
			buildConfigurationList = 5FEB53642455D3EE00888FB4 /* Build configuration list for PBXNativeTarget "WOWQuizUITests" */;
			buildPhases = (
				8AF9C042CA76D7350AF271FD /* [CP] Check Pods Manifest.lock */,
				5FEB53512455D3EE00888FB4 /* Sources */,
				5FEB53522455D3EE00888FB4 /* Frameworks */,
				5FEB53532455D3EE00888FB4 /* Resources */,
				0461913999F7DD2C17840179 /* [CP] Embed Pods Frameworks */,
			);
			buildRules = (
			);
			dependencies = (
				5FEB53572455D3EE00888FB4 /* PBXTargetDependency */,
			);
			name = WOWQuizUITests;
			productName = WOWQuizUITests;
			productReference = 5FEB53552455D3EE00888FB4 /* WOWQuizUITests.xctest */;
			productType = "com.apple.product-type.bundle.ui-testing";
		};
/* End PBXNativeTarget section */

/* Begin PBXProject section */
		5FEB532C2455D3ED00888FB4 /* Project object */ = {
			isa = PBXProject;
			attributes = {
				LastSwiftUpdateCheck = 1140;
				LastUpgradeCheck = 1140;
				ORGANIZATIONNAME = "Pau Ribot Pujolras";
				TargetAttributes = {
					5FEB53332455D3ED00888FB4 = {
						CreatedOnToolsVersion = 11.4;
					};
					5FEB53492455D3EE00888FB4 = {
						CreatedOnToolsVersion = 11.4;
						TestTargetID = 5FEB53332455D3ED00888FB4;
					};
					5FEB53542455D3EE00888FB4 = {
						CreatedOnToolsVersion = 11.4;
						TestTargetID = 5FEB53332455D3ED00888FB4;
					};
				};
			};
			buildConfigurationList = 5FEB532F2455D3ED00888FB4 /* Build configuration list for PBXProject "WOWQuiz" */;
			compatibilityVersion = "Xcode 9.3";
			developmentRegion = en;
			hasScannedForEncodings = 0;
			knownRegions = (
				en,
				Base,
			);
			mainGroup = 5FEB532B2455D3ED00888FB4;
			productRefGroup = 5FEB53352455D3ED00888FB4 /* Products */;
			projectDirPath = "";
			projectRoot = "";
			targets = (
				5FEB53332455D3ED00888FB4 /* WOWQuiz */,
				5FEB53492455D3EE00888FB4 /* WOWQuizTests */,
				5FEB53542455D3EE00888FB4 /* WOWQuizUITests */,
			);
		};
/* End PBXProject section */

/* Begin PBXResourcesBuildPhase section */
		5FEB53322455D3ED00888FB4 /* Resources */ = {
			isa = PBXResourcesBuildPhase;
			buildActionMask = 2147483647;
			files = (
				5FCFA56724570F1E00FE08D8 /* LifeCraft_Font.ttf in Resources */,
				5FCFA56B2457136A00FE08D8 /* Morpheus.ttf in Resources */,
				5FEB53442455D3EE00888FB4 /* LaunchScreen.storyboard in Resources */,
				5FEB53412455D3EE00888FB4 /* Assets.xcassets in Resources */,
				5FEB533F2455D3ED00888FB4 /* Main.storyboard in Resources */,
				5FCD46E12459AFDC00F71F7F /* Alert.storyboard in Resources */,
			);
			runOnlyForDeploymentPostprocessing = 0;
		};
		5FEB53482455D3EE00888FB4 /* Resources */ = {
			isa = PBXResourcesBuildPhase;
			buildActionMask = 2147483647;
			files = (
			);
			runOnlyForDeploymentPostprocessing = 0;
		};
		5FEB53532455D3EE00888FB4 /* Resources */ = {
			isa = PBXResourcesBuildPhase;
			buildActionMask = 2147483647;
			files = (
			);
			runOnlyForDeploymentPostprocessing = 0;
		};
/* End PBXResourcesBuildPhase section */

/* Begin PBXShellScriptBuildPhase section */
		0461913999F7DD2C17840179 /* [CP] Embed Pods Frameworks */ = {
			isa = PBXShellScriptBuildPhase;
			buildActionMask = 2147483647;
			files = (
			);
			inputFileListPaths = (
				"${PODS_ROOT}/Target Support Files/Pods-WOWQuiz-WOWQuizUITests/Pods-WOWQuiz-WOWQuizUITests-frameworks-${CONFIGURATION}-input-files.xcfilelist",
			);
			name = "[CP] Embed Pods Frameworks";
			outputFileListPaths = (
				"${PODS_ROOT}/Target Support Files/Pods-WOWQuiz-WOWQuizUITests/Pods-WOWQuiz-WOWQuizUITests-frameworks-${CONFIGURATION}-output-files.xcfilelist",
			);
			runOnlyForDeploymentPostprocessing = 0;
			shellPath = /bin/sh;
			shellScript = "\"${PODS_ROOT}/Target Support Files/Pods-WOWQuiz-WOWQuizUITests/Pods-WOWQuiz-WOWQuizUITests-frameworks.sh\"\n";
			showEnvVarsInLog = 0;
		};
		04BDB258F9B49FF87A5A3E5B /* [CP] Embed Pods Frameworks */ = {
			isa = PBXShellScriptBuildPhase;
			buildActionMask = 2147483647;
			files = (
			);
			inputFileListPaths = (
				"${PODS_ROOT}/Target Support Files/Pods-WOWQuiz/Pods-WOWQuiz-frameworks-${CONFIGURATION}-input-files.xcfilelist",
			);
			name = "[CP] Embed Pods Frameworks";
			outputFileListPaths = (
				"${PODS_ROOT}/Target Support Files/Pods-WOWQuiz/Pods-WOWQuiz-frameworks-${CONFIGURATION}-output-files.xcfilelist",
			);
			runOnlyForDeploymentPostprocessing = 0;
			shellPath = /bin/sh;
			shellScript = "\"${PODS_ROOT}/Target Support Files/Pods-WOWQuiz/Pods-WOWQuiz-frameworks.sh\"\n";
			showEnvVarsInLog = 0;
		};
		44D2ED3FB3A07DF8811258AA /* [CP] Check Pods Manifest.lock */ = {
			isa = PBXShellScriptBuildPhase;
			buildActionMask = 2147483647;
			files = (
			);
			inputFileListPaths = (
			);
			inputPaths = (
				"${PODS_PODFILE_DIR_PATH}/Podfile.lock",
				"${PODS_ROOT}/Manifest.lock",
			);
			name = "[CP] Check Pods Manifest.lock";
			outputFileListPaths = (
			);
			outputPaths = (
				"$(DERIVED_FILE_DIR)/Pods-WOWQuiz-checkManifestLockResult.txt",
			);
			runOnlyForDeploymentPostprocessing = 0;
			shellPath = /bin/sh;
			shellScript = "diff \"${PODS_PODFILE_DIR_PATH}/Podfile.lock\" \"${PODS_ROOT}/Manifest.lock\" > /dev/null\nif [ $? != 0 ] ; then\n    # print error to STDERR\n    echo \"error: The sandbox is not in sync with the Podfile.lock. Run 'pod install' or update your CocoaPods installation.\" >&2\n    exit 1\nfi\n# This output is used by Xcode 'outputs' to avoid re-running this script phase.\necho \"SUCCESS\" > \"${SCRIPT_OUTPUT_FILE_0}\"\n";
			showEnvVarsInLog = 0;
		};
		8AF9C042CA76D7350AF271FD /* [CP] Check Pods Manifest.lock */ = {
			isa = PBXShellScriptBuildPhase;
			buildActionMask = 2147483647;
			files = (
			);
			inputFileListPaths = (
			);
			inputPaths = (
				"${PODS_PODFILE_DIR_PATH}/Podfile.lock",
				"${PODS_ROOT}/Manifest.lock",
			);
			name = "[CP] Check Pods Manifest.lock";
			outputFileListPaths = (
			);
			outputPaths = (
				"$(DERIVED_FILE_DIR)/Pods-WOWQuiz-WOWQuizUITests-checkManifestLockResult.txt",
			);
			runOnlyForDeploymentPostprocessing = 0;
			shellPath = /bin/sh;
			shellScript = "diff \"${PODS_PODFILE_DIR_PATH}/Podfile.lock\" \"${PODS_ROOT}/Manifest.lock\" > /dev/null\nif [ $? != 0 ] ; then\n    # print error to STDERR\n    echo \"error: The sandbox is not in sync with the Podfile.lock. Run 'pod install' or update your CocoaPods installation.\" >&2\n    exit 1\nfi\n# This output is used by Xcode 'outputs' to avoid re-running this script phase.\necho \"SUCCESS\" > \"${SCRIPT_OUTPUT_FILE_0}\"\n";
			showEnvVarsInLog = 0;
		};
		BA1BE846373950004D9E66E0 /* [CP] Check Pods Manifest.lock */ = {
			isa = PBXShellScriptBuildPhase;
			buildActionMask = 2147483647;
			files = (
			);
			inputFileListPaths = (
			);
			inputPaths = (
				"${PODS_PODFILE_DIR_PATH}/Podfile.lock",
				"${PODS_ROOT}/Manifest.lock",
			);
			name = "[CP] Check Pods Manifest.lock";
			outputFileListPaths = (
			);
			outputPaths = (
				"$(DERIVED_FILE_DIR)/Pods-WOWQuizTests-checkManifestLockResult.txt",
			);
			runOnlyForDeploymentPostprocessing = 0;
			shellPath = /bin/sh;
			shellScript = "diff \"${PODS_PODFILE_DIR_PATH}/Podfile.lock\" \"${PODS_ROOT}/Manifest.lock\" > /dev/null\nif [ $? != 0 ] ; then\n    # print error to STDERR\n    echo \"error: The sandbox is not in sync with the Podfile.lock. Run 'pod install' or update your CocoaPods installation.\" >&2\n    exit 1\nfi\n# This output is used by Xcode 'outputs' to avoid re-running this script phase.\necho \"SUCCESS\" > \"${SCRIPT_OUTPUT_FILE_0}\"\n";
			showEnvVarsInLog = 0;
		};
/* End PBXShellScriptBuildPhase section */

/* Begin PBXSourcesBuildPhase section */
		5FEB53302455D3ED00888FB4 /* Sources */ = {
			isa = PBXSourcesBuildPhase;
			buildActionMask = 2147483647;
			files = (
				5FEB536E2455D56200888FB4 /* GameViewController.swift in Sources */,
				5FEB536B2455D45100888FB4 /* Quiz.swift in Sources */,
				5FEB53702455D87300888FB4 /* DatabaseManager.swift in Sources */,
				5FCFA5622456AB1900FE08D8 /* HomeViewController.swift in Sources */,
				5FAE31452455E5E1009F4F8F /* Answer.swift in Sources */,
				5FCFA5692457127700FE08D8 /* AnswerButton.swift in Sources */,
				5FEB53692455D42000888FB4 /* Question.swift in Sources */,
				5FCD46DF2459AFCC00F71F7F /* AlertViewController.swift in Sources */,
				5FEB53382455D3ED00888FB4 /* AppDelegate.swift in Sources */,
				5FEB533A2455D3ED00888FB4 /* SceneDelegate.swift in Sources */,
				5FCFA56524570ECA00FE08D8 /* Constants.swift in Sources */,
			);
			runOnlyForDeploymentPostprocessing = 0;
		};
		5FEB53462455D3EE00888FB4 /* Sources */ = {
			isa = PBXSourcesBuildPhase;
			buildActionMask = 2147483647;
			files = (
				5FEB534F2455D3EE00888FB4 /* WOWQuizTests.swift in Sources */,
			);
			runOnlyForDeploymentPostprocessing = 0;
		};
		5FEB53512455D3EE00888FB4 /* Sources */ = {
			isa = PBXSourcesBuildPhase;
			buildActionMask = 2147483647;
			files = (
				5FEB535A2455D3EE00888FB4 /* WOWQuizUITests.swift in Sources */,
			);
			runOnlyForDeploymentPostprocessing = 0;
		};
/* End PBXSourcesBuildPhase section */

/* Begin PBXTargetDependency section */
		5FEB534C2455D3EE00888FB4 /* PBXTargetDependency */ = {
			isa = PBXTargetDependency;
			target = 5FEB53332455D3ED00888FB4 /* WOWQuiz */;
			targetProxy = 5FEB534B2455D3EE00888FB4 /* PBXContainerItemProxy */;
		};
		5FEB53572455D3EE00888FB4 /* PBXTargetDependency */ = {
			isa = PBXTargetDependency;
			target = 5FEB53332455D3ED00888FB4 /* WOWQuiz */;
			targetProxy = 5FEB53562455D3EE00888FB4 /* PBXContainerItemProxy */;
		};
/* End PBXTargetDependency section */

/* Begin PBXVariantGroup section */
		5FEB533D2455D3ED00888FB4 /* Main.storyboard */ = {
			isa = PBXVariantGroup;
			children = (
				5FEB533E2455D3ED00888FB4 /* Base */,
			);
			name = Main.storyboard;
			sourceTree = "<group>";
		};
		5FEB53422455D3EE00888FB4 /* LaunchScreen.storyboard */ = {
			isa = PBXVariantGroup;
			children = (
				5FEB53432455D3EE00888FB4 /* Base */,
			);
			name = LaunchScreen.storyboard;
			sourceTree = "<group>";
		};
/* End PBXVariantGroup section */

/* Begin XCBuildConfiguration section */
		5FEB535C2455D3EE00888FB4 /* Debug */ = {
			isa = XCBuildConfiguration;
			buildSettings = {
				ALWAYS_SEARCH_USER_PATHS = NO;
				CLANG_ANALYZER_NONNULL = YES;
				CLANG_ANALYZER_NUMBER_OBJECT_CONVERSION = YES_AGGRESSIVE;
				CLANG_CXX_LANGUAGE_STANDARD = "gnu++14";
				CLANG_CXX_LIBRARY = "libc++";
				CLANG_ENABLE_MODULES = YES;
				CLANG_ENABLE_OBJC_ARC = YES;
				CLANG_ENABLE_OBJC_WEAK = YES;
				CLANG_WARN_BLOCK_CAPTURE_AUTORELEASING = YES;
				CLANG_WARN_BOOL_CONVERSION = YES;
				CLANG_WARN_COMMA = YES;
				CLANG_WARN_CONSTANT_CONVERSION = YES;
				CLANG_WARN_DEPRECATED_OBJC_IMPLEMENTATIONS = YES;
				CLANG_WARN_DIRECT_OBJC_ISA_USAGE = YES_ERROR;
				CLANG_WARN_DOCUMENTATION_COMMENTS = YES;
				CLANG_WARN_EMPTY_BODY = YES;
				CLANG_WARN_ENUM_CONVERSION = YES;
				CLANG_WARN_INFINITE_RECURSION = YES;
				CLANG_WARN_INT_CONVERSION = YES;
				CLANG_WARN_NON_LITERAL_NULL_CONVERSION = YES;
				CLANG_WARN_OBJC_IMPLICIT_RETAIN_SELF = YES;
				CLANG_WARN_OBJC_LITERAL_CONVERSION = YES;
				CLANG_WARN_OBJC_ROOT_CLASS = YES_ERROR;
				CLANG_WARN_RANGE_LOOP_ANALYSIS = YES;
				CLANG_WARN_STRICT_PROTOTYPES = YES;
				CLANG_WARN_SUSPICIOUS_MOVE = YES;
				CLANG_WARN_UNGUARDED_AVAILABILITY = YES_AGGRESSIVE;
				CLANG_WARN_UNREACHABLE_CODE = YES;
				CLANG_WARN__DUPLICATE_METHOD_MATCH = YES;
				COPY_PHASE_STRIP = NO;
				DEBUG_INFORMATION_FORMAT = dwarf;
				ENABLE_STRICT_OBJC_MSGSEND = YES;
				ENABLE_TESTABILITY = YES;
				GCC_C_LANGUAGE_STANDARD = gnu11;
				GCC_DYNAMIC_NO_PIC = NO;
				GCC_NO_COMMON_BLOCKS = YES;
				GCC_OPTIMIZATION_LEVEL = 0;
				GCC_PREPROCESSOR_DEFINITIONS = (
					"DEBUG=1",
					"$(inherited)",
				);
				GCC_WARN_64_TO_32_BIT_CONVERSION = YES;
				GCC_WARN_ABOUT_RETURN_TYPE = YES_ERROR;
				GCC_WARN_UNDECLARED_SELECTOR = YES;
				GCC_WARN_UNINITIALIZED_AUTOS = YES_AGGRESSIVE;
				GCC_WARN_UNUSED_FUNCTION = YES;
				GCC_WARN_UNUSED_VARIABLE = YES;
				IPHONEOS_DEPLOYMENT_TARGET = 13.4;
				MTL_ENABLE_DEBUG_INFO = INCLUDE_SOURCE;
				MTL_FAST_MATH = YES;
				ONLY_ACTIVE_ARCH = YES;
				SDKROOT = iphoneos;
				SWIFT_ACTIVE_COMPILATION_CONDITIONS = DEBUG;
				SWIFT_OPTIMIZATION_LEVEL = "-Onone";
			};
			name = Debug;
		};
		5FEB535D2455D3EE00888FB4 /* Release */ = {
			isa = XCBuildConfiguration;
			buildSettings = {
				ALWAYS_SEARCH_USER_PATHS = NO;
				CLANG_ANALYZER_NONNULL = YES;
				CLANG_ANALYZER_NUMBER_OBJECT_CONVERSION = YES_AGGRESSIVE;
				CLANG_CXX_LANGUAGE_STANDARD = "gnu++14";
				CLANG_CXX_LIBRARY = "libc++";
				CLANG_ENABLE_MODULES = YES;
				CLANG_ENABLE_OBJC_ARC = YES;
				CLANG_ENABLE_OBJC_WEAK = YES;
				CLANG_WARN_BLOCK_CAPTURE_AUTORELEASING = YES;
				CLANG_WARN_BOOL_CONVERSION = YES;
				CLANG_WARN_COMMA = YES;
				CLANG_WARN_CONSTANT_CONVERSION = YES;
				CLANG_WARN_DEPRECATED_OBJC_IMPLEMENTATIONS = YES;
				CLANG_WARN_DIRECT_OBJC_ISA_USAGE = YES_ERROR;
				CLANG_WARN_DOCUMENTATION_COMMENTS = YES;
				CLANG_WARN_EMPTY_BODY = YES;
				CLANG_WARN_ENUM_CONVERSION = YES;
				CLANG_WARN_INFINITE_RECURSION = YES;
				CLANG_WARN_INT_CONVERSION = YES;
				CLANG_WARN_NON_LITERAL_NULL_CONVERSION = YES;
				CLANG_WARN_OBJC_IMPLICIT_RETAIN_SELF = YES;
				CLANG_WARN_OBJC_LITERAL_CONVERSION = YES;
				CLANG_WARN_OBJC_ROOT_CLASS = YES_ERROR;
				CLANG_WARN_RANGE_LOOP_ANALYSIS = YES;
				CLANG_WARN_STRICT_PROTOTYPES = YES;
				CLANG_WARN_SUSPICIOUS_MOVE = YES;
				CLANG_WARN_UNGUARDED_AVAILABILITY = YES_AGGRESSIVE;
				CLANG_WARN_UNREACHABLE_CODE = YES;
				CLANG_WARN__DUPLICATE_METHOD_MATCH = YES;
				COPY_PHASE_STRIP = NO;
				DEBUG_INFORMATION_FORMAT = "dwarf-with-dsym";
				ENABLE_NS_ASSERTIONS = NO;
				ENABLE_STRICT_OBJC_MSGSEND = YES;
				GCC_C_LANGUAGE_STANDARD = gnu11;
				GCC_NO_COMMON_BLOCKS = YES;
				GCC_WARN_64_TO_32_BIT_CONVERSION = YES;
				GCC_WARN_ABOUT_RETURN_TYPE = YES_ERROR;
				GCC_WARN_UNDECLARED_SELECTOR = YES;
				GCC_WARN_UNINITIALIZED_AUTOS = YES_AGGRESSIVE;
				GCC_WARN_UNUSED_FUNCTION = YES;
				GCC_WARN_UNUSED_VARIABLE = YES;
				IPHONEOS_DEPLOYMENT_TARGET = 13.4;
				MTL_ENABLE_DEBUG_INFO = NO;
				MTL_FAST_MATH = YES;
				SDKROOT = iphoneos;
				SWIFT_COMPILATION_MODE = wholemodule;
				SWIFT_OPTIMIZATION_LEVEL = "-O";
				VALIDATE_PRODUCT = YES;
			};
			name = Release;
		};
		5FEB535F2455D3EE00888FB4 /* Debug */ = {
			isa = XCBuildConfiguration;
			baseConfigurationReference = BA90E8D00EEDA9454D97F443 /* Pods-WOWQuiz.debug.xcconfig */;
			buildSettings = {
				ASSETCATALOG_COMPILER_APPICON_NAME = AppIcon;
				CODE_SIGN_STYLE = Automatic;
				INFOPLIST_FILE = WOWQuiz/Info.plist;
				LD_RUNPATH_SEARCH_PATHS = (
					"$(inherited)",
					"@executable_path/Frameworks",
				);
				PRODUCT_BUNDLE_IDENTIFIER = com.pauribot.WOWQuiz;
				PRODUCT_NAME = "$(TARGET_NAME)";
				SWIFT_VERSION = 5.0;
				TARGETED_DEVICE_FAMILY = "1,2";
			};
			name = Debug;
		};
		5FEB53602455D3EE00888FB4 /* Release */ = {
			isa = XCBuildConfiguration;
			baseConfigurationReference = 6290C5C665B3FECE1C62213B /* Pods-WOWQuiz.release.xcconfig */;
			buildSettings = {
				ASSETCATALOG_COMPILER_APPICON_NAME = AppIcon;
				CODE_SIGN_STYLE = Automatic;
				INFOPLIST_FILE = WOWQuiz/Info.plist;
				LD_RUNPATH_SEARCH_PATHS = (
					"$(inherited)",
					"@executable_path/Frameworks",
				);
				PRODUCT_BUNDLE_IDENTIFIER = com.pauribot.WOWQuiz;
				PRODUCT_NAME = "$(TARGET_NAME)";
				SWIFT_VERSION = 5.0;
				TARGETED_DEVICE_FAMILY = "1,2";
			};
			name = Release;
		};
		5FEB53622455D3EE00888FB4 /* Debug */ = {
			isa = XCBuildConfiguration;
			baseConfigurationReference = D319DCC3AF2262BE44CF5A2D /* Pods-WOWQuizTests.debug.xcconfig */;
			buildSettings = {
				ALWAYS_EMBED_SWIFT_STANDARD_LIBRARIES = YES;
				BUNDLE_LOADER = "$(TEST_HOST)";
				CODE_SIGN_STYLE = Automatic;
				INFOPLIST_FILE = WOWQuizTests/Info.plist;
				IPHONEOS_DEPLOYMENT_TARGET = 13.4;
				LD_RUNPATH_SEARCH_PATHS = (
					"$(inherited)",
					"@executable_path/Frameworks",
					"@loader_path/Frameworks",
				);
				PRODUCT_BUNDLE_IDENTIFIER = com.pauribot.WOWQuizTests;
				PRODUCT_NAME = "$(TARGET_NAME)";
				SWIFT_VERSION = 5.0;
				TARGETED_DEVICE_FAMILY = "1,2";
				TEST_HOST = "$(BUILT_PRODUCTS_DIR)/WOWQuiz.app/WOWQuiz";
			};
			name = Debug;
		};
		5FEB53632455D3EE00888FB4 /* Release */ = {
			isa = XCBuildConfiguration;
			baseConfigurationReference = 324D9FA9B2533A228FF5197D /* Pods-WOWQuizTests.release.xcconfig */;
			buildSettings = {
				ALWAYS_EMBED_SWIFT_STANDARD_LIBRARIES = YES;
				BUNDLE_LOADER = "$(TEST_HOST)";
				CODE_SIGN_STYLE = Automatic;
				INFOPLIST_FILE = WOWQuizTests/Info.plist;
				IPHONEOS_DEPLOYMENT_TARGET = 13.4;
				LD_RUNPATH_SEARCH_PATHS = (
					"$(inherited)",
					"@executable_path/Frameworks",
					"@loader_path/Frameworks",
				);
				PRODUCT_BUNDLE_IDENTIFIER = com.pauribot.WOWQuizTests;
				PRODUCT_NAME = "$(TARGET_NAME)";
				SWIFT_VERSION = 5.0;
				TARGETED_DEVICE_FAMILY = "1,2";
				TEST_HOST = "$(BUILT_PRODUCTS_DIR)/WOWQuiz.app/WOWQuiz";
			};
			name = Release;
		};
		5FEB53652455D3EE00888FB4 /* Debug */ = {
			isa = XCBuildConfiguration;
			baseConfigurationReference = E35679CD6EFAD1312A9B76EC /* Pods-WOWQuiz-WOWQuizUITests.debug.xcconfig */;
			buildSettings = {
				ALWAYS_EMBED_SWIFT_STANDARD_LIBRARIES = YES;
				CODE_SIGN_STYLE = Automatic;
				INFOPLIST_FILE = WOWQuizUITests/Info.plist;
				LD_RUNPATH_SEARCH_PATHS = (
					"$(inherited)",
					"@executable_path/Frameworks",
					"@loader_path/Frameworks",
				);
				PRODUCT_BUNDLE_IDENTIFIER = com.pauribot.WOWQuizUITests;
				PRODUCT_NAME = "$(TARGET_NAME)";
				SWIFT_VERSION = 5.0;
				TARGETED_DEVICE_FAMILY = "1,2";
				TEST_TARGET_NAME = WOWQuiz;
			};
			name = Debug;
		};
		5FEB53662455D3EE00888FB4 /* Release */ = {
			isa = XCBuildConfiguration;
			baseConfigurationReference = 05BD5343347FC5189506B558 /* Pods-WOWQuiz-WOWQuizUITests.release.xcconfig */;
			buildSettings = {
				ALWAYS_EMBED_SWIFT_STANDARD_LIBRARIES = YES;
				CODE_SIGN_STYLE = Automatic;
				INFOPLIST_FILE = WOWQuizUITests/Info.plist;
				LD_RUNPATH_SEARCH_PATHS = (
					"$(inherited)",
					"@executable_path/Frameworks",
					"@loader_path/Frameworks",
				);
				PRODUCT_BUNDLE_IDENTIFIER = com.pauribot.WOWQuizUITests;
				PRODUCT_NAME = "$(TARGET_NAME)";
				SWIFT_VERSION = 5.0;
				TARGETED_DEVICE_FAMILY = "1,2";
				TEST_TARGET_NAME = WOWQuiz;
			};
			name = Release;
		};
/* End XCBuildConfiguration section */

/* Begin XCConfigurationList section */
		5FEB532F2455D3ED00888FB4 /* Build configuration list for PBXProject "WOWQuiz" */ = {
			isa = XCConfigurationList;
			buildConfigurations = (
				5FEB535C2455D3EE00888FB4 /* Debug */,
				5FEB535D2455D3EE00888FB4 /* Release */,
			);
			defaultConfigurationIsVisible = 0;
			defaultConfigurationName = Release;
		};
		5FEB535E2455D3EE00888FB4 /* Build configuration list for PBXNativeTarget "WOWQuiz" */ = {
			isa = XCConfigurationList;
			buildConfigurations = (
				5FEB535F2455D3EE00888FB4 /* Debug */,
				5FEB53602455D3EE00888FB4 /* Release */,
			);
			defaultConfigurationIsVisible = 0;
			defaultConfigurationName = Release;
		};
		5FEB53612455D3EE00888FB4 /* Build configuration list for PBXNativeTarget "WOWQuizTests" */ = {
			isa = XCConfigurationList;
			buildConfigurations = (
				5FEB53622455D3EE00888FB4 /* Debug */,
				5FEB53632455D3EE00888FB4 /* Release */,
			);
			defaultConfigurationIsVisible = 0;
			defaultConfigurationName = Release;
		};
		5FEB53642455D3EE00888FB4 /* Build configuration list for PBXNativeTarget "WOWQuizUITests" */ = {
			isa = XCConfigurationList;
			buildConfigurations = (
				5FEB53652455D3EE00888FB4 /* Debug */,
				5FEB53662455D3EE00888FB4 /* Release */,
			);
			defaultConfigurationIsVisible = 0;
			defaultConfigurationName = Release;
		};
/* End XCConfigurationList section */
	};
	rootObject = 5FEB532C2455D3ED00888FB4 /* Project object */;
}
